
Microsoft Visual Studio Solution File, Format Version 12.00
# Visual Studio Version 17
VisualStudioVersion = 17.13.35919.96
MinimumVisualStudioVersion = 10.0.40219.1
Project("{FAE04EC0-301F-11D3-BF4B-00C04F79EFBC}") = "ProjectManagementSystem", "ProjectManagementSystem\ProjectManagementSystem.csproj", "{AC4E9BF2-13A3-47C7-949B-D9853635DBFD}"
EndProject
Project("{FAE04EC0-301F-11D3-BF4B-00C04F79EFBC}") = "ProjectManagementSystem.Tests", "ProjectManagementSystem.Tests\ProjectManagementSystem.Tests.csproj", "{29503198-0F30-4073-9CA8-548D95599AF1}"
EndProject
Global
	GlobalSection(SolutionConfigurationPlatforms) = preSolution
		Debug|Any CPU = Debug|Any CPU
		Release|Any CPU = Release|Any CPU
	EndGlobalSection
	GlobalSection(ProjectConfigurationPlatforms) = postSolution
		{AC4E9BF2-13A3-47C7-949B-D9853635DBFD}.Debug|Any CPU.ActiveCfg = Debug|Any CPU
		{AC4E9BF2-13A3-47C7-949B-D9853635DBFD}.Debug|Any CPU.Build.0 = Debug|Any CPU
		{AC4E9BF2-13A3-47C7-949B-D9853635DBFD}.Release|Any CPU.ActiveCfg = Release|Any CPU
		{AC4E9BF2-13A3-47C7-949B-D9853635DBFD}.Release|Any CPU.Build.0 = Release|Any CPU
		{29503198-0F30-4073-9CA8-548D95599AF1}.Debug|Any CPU.ActiveCfg = Debug|Any CPU
		{29503198-0F30-4073-9CA8-548D95599AF1}.Debug|Any CPU.Build.0 = Debug|Any CPU
		{29503198-0F30-4073-9CA8-548D95599AF1}.Release|Any CPU.ActiveCfg = Release|Any CPU
		{29503198-0F30-4073-9CA8-548D95599AF1}.Release|Any CPU.Build.0 = Release|Any CPU
	EndGlobalSection
	GlobalSection(SolutionProperties) = preSolution
		HideSolutionNode = FALSE
	EndGlobalSection
	GlobalSection(ExtensibilityGlobals) = postSolution
		SolutionGuid = {E974A676-00EB-4F95-B3E2-746ABB4AABE9}
	EndGlobalSection
EndGlobal
