
Microsoft Visual Studio Solution File, Format Version 12.00
# Visual Studio Version 17
VisualStudioVersion = 17.13.35919.96 d17.13
MinimumVisualStudioVersion = 10.0.40219.1
Project("{FAE04EC0-301F-11D3-BF4B-00C04F79EFBC}") = "DailyAssgn-4", "DailyAssgn\DailyAssgn-4.csproj", "{D2F1D10B-A51B-42F5-AAF2-8B2252A64A0C}"
EndProject
Global
	GlobalSection(SolutionConfigurationPlatforms) = preSolution
		Debug|Any CPU = Debug|Any CPU
		Release|Any CPU = Release|Any CPU
	EndGlobalSection
	GlobalSection(ProjectConfigurationPlatforms) = postSolution
		{D2F1D10B-A51B-42F5-AAF2-8B2252A64A0C}.Debug|Any CPU.ActiveCfg = Debug|Any CPU
		{D2F1D10B-A51B-42F5-AAF2-8B2252A64A0C}.Debug|Any CPU.Build.0 = Debug|Any CPU
		{D2F1D10B-A51B-42F5-AAF2-8B2252A64A0C}.Release|Any CPU.ActiveCfg = Release|Any CPU
		{D2F1D10B-A51B-42F5-AAF2-8B2252A64A0C}.Release|Any CPU.Build.0 = Release|Any CPU
	EndGlobalSection
	GlobalSection(SolutionProperties) = preSolution
		HideSolutionNode = FALSE
	EndGlobalSection
	GlobalSection(ExtensibilityGlobals) = postSolution
		SolutionGuid = {8568F033-39D6-4F14-BBFC-B2CE7445A187}
	EndGlobalSection
EndGlobal
